Microsoft Visual Studio Solution File, Format Version 12.00
# Visual Studio Version 17
VisualStudioVersion = 17.5.2.0
MinimumVisualStudioVersion = 10.0.40219.1
Project("{FAE04EC0-301F-11D3-BF4B-00C04F79EFBC}") = "Task_04_05", "Task_04_05.csproj", "{2EA785E0-7571-9160-EC1D-267F5FA72E2C}"
EndProject
Global
	GlobalSection(SolutionConfigurationPlatforms) = preSolution
		Debug|Any CPU = Debug|Any CPU
		Release|Any CPU = Release|Any CPU
	EndGlobalSection
	GlobalSection(ProjectConfigurationPlatforms) = postSolution
		{2EA785E0-7571-9160-EC1D-267F5FA72E2C}.Debug|Any CPU.ActiveCfg = Debug|Any CPU
		{2EA785E0-7571-9160-EC1D-267F5FA72E2C}.Debug|Any CPU.Build.0 = Debug|Any CPU
		{2EA785E0-7571-9160-EC1D-267F5FA72E2C}.Release|Any CPU.ActiveCfg = Release|Any CPU
		{2EA785E0-7571-9160-EC1D-267F5FA72E2C}.Release|Any CPU.Build.0 = Release|Any CPU
	EndGlobalSection
	GlobalSection(SolutionProperties) = preSolution
		HideSolutionNode = FALSE
	EndGlobalSection
	GlobalSection(ExtensibilityGlobals) = postSolution
		SolutionGuid = {A7935F9D-D667-4BDC-A965-E8BD203E34E2}
	EndGlobalSection
EndGlobal
