Microsoft Visual Studio Solution File, Format Version 12.00
# Visual Studio Version 17
VisualStudioVersion = 17.5.2.0
MinimumVisualStudioVersion = 10.0.40219.1
Project("{FAE04EC0-301F-11D3-BF4B-00C04F79EFBC}") = "Task_03_05", "Task_03_05.csproj", "{72FC0D59-EF2E-0522-34E7-1981FAED187B}"
EndProject
Global
	GlobalSection(SolutionConfigurationPlatforms) = preSolution
		Debug|Any CPU = Debug|Any CPU
		Release|Any CPU = Release|Any CPU
	EndGlobalSection
	GlobalSection(ProjectConfigurationPlatforms) = postSolution
		{72FC0D59-EF2E-0522-34E7-1981FAED187B}.Debug|Any CPU.ActiveCfg = Debug|Any CPU
		{72FC0D59-EF2E-0522-34E7-1981FAED187B}.Debug|Any CPU.Build.0 = Debug|Any CPU
		{72FC0D59-EF2E-0522-34E7-1981FAED187B}.Release|Any CPU.ActiveCfg = Release|Any CPU
		{72FC0D59-EF2E-0522-34E7-1981FAED187B}.Release|Any CPU.Build.0 = Release|Any CPU
	EndGlobalSection
	GlobalSection(SolutionProperties) = preSolution
		HideSolutionNode = FALSE
	EndGlobalSection
	GlobalSection(ExtensibilityGlobals) = postSolution
		SolutionGuid = {3027EF34-4E52-49A2-9C0C-6E41A0A168D6}
	EndGlobalSection
EndGlobal
