Microsoft Visual Studio Solution File, Format Version 12.00
# Visual Studio Version 17
VisualStudioVersion = 17.5.2.0
MinimumVisualStudioVersion = 10.0.40219.1
Project("{FAE04EC0-301F-11D3-BF4B-00C04F79EFBC}") = "Task_21_02", "Task_21_02.csproj", "{EF4A8DC0-0FC3-A3A3-A48F-8EE086BC6C65}"
EndProject
Global
	GlobalSection(SolutionConfigurationPlatforms) = preSolution
		Debug|Any CPU = Debug|Any CPU
		Release|Any CPU = Release|Any CPU
	EndGlobalSection
	GlobalSection(ProjectConfigurationPlatforms) = postSolution
		{EF4A8DC0-0FC3-A3A3-A48F-8EE086BC6C65}.Debug|Any CPU.ActiveCfg = Debug|Any CPU
		{EF4A8DC0-0FC3-A3A3-A48F-8EE086BC6C65}.Debug|Any CPU.Build.0 = Debug|Any CPU
		{EF4A8DC0-0FC3-A3A3-A48F-8EE086BC6C65}.Release|Any CPU.ActiveCfg = Release|Any CPU
		{EF4A8DC0-0FC3-A3A3-A48F-8EE086BC6C65}.Release|Any CPU.Build.0 = Release|Any CPU
	EndGlobalSection
	GlobalSection(SolutionProperties) = preSolution
		HideSolutionNode = FALSE
	EndGlobalSection
	GlobalSection(ExtensibilityGlobals) = postSolution
		SolutionGuid = {C27200FB-D783-4A52-B840-99F7AE5487E5}
	EndGlobalSection
EndGlobal
