Microsoft Visual Studio Solution File, Format Version 12.00
# Visual Studio Version 17
VisualStudioVersion = 17.5.2.0
MinimumVisualStudioVersion = 10.0.40219.1
Project("{FAE04EC0-301F-11D3-BF4B-00C04F79EFBC}") = "Task_02_07", "Task_02_07.csproj", "{1DCC03BB-59D9-5B8C-A52B-4E47687CA69F}"
EndProject
Global
	GlobalSection(SolutionConfigurationPlatforms) = preSolution
		Debug|Any CPU = Debug|Any CPU
		Release|Any CPU = Release|Any CPU
	EndGlobalSection
	GlobalSection(ProjectConfigurationPlatforms) = postSolution
		{1DCC03BB-59D9-5B8C-A52B-4E47687CA69F}.Debug|Any CPU.ActiveCfg = Debug|Any CPU
		{1DCC03BB-59D9-5B8C-A52B-4E47687CA69F}.Debug|Any CPU.Build.0 = Debug|Any CPU
		{1DCC03BB-59D9-5B8C-A52B-4E47687CA69F}.Release|Any CPU.ActiveCfg = Release|Any CPU
		{1DCC03BB-59D9-5B8C-A52B-4E47687CA69F}.Release|Any CPU.Build.0 = Release|Any CPU
	EndGlobalSection
	GlobalSection(SolutionProperties) = preSolution
		HideSolutionNode = FALSE
	EndGlobalSection
	GlobalSection(ExtensibilityGlobals) = postSolution
		SolutionGuid = {24150232-6D8C-48F6-A228-C18EB891420A}
	EndGlobalSection
EndGlobal
