Microsoft Visual Studio Solution File, Format Version 12.00
# Visual Studio Version 17
VisualStudioVersion = 17.5.2.0
MinimumVisualStudioVersion = 10.0.40219.1
Project("{FAE04EC0-301F-11D3-BF4B-00C04F79EFBC}") = "Task_10_09", "Task_10_09.csproj", "{77ECCDB7-D8A6-45BB-6BA6-1F679ED2BAC5}"
EndProject
Global
	GlobalSection(SolutionConfigurationPlatforms) = preSolution
		Debug|Any CPU = Debug|Any CPU
		Release|Any CPU = Release|Any CPU
	EndGlobalSection
	GlobalSection(ProjectConfigurationPlatforms) = postSolution
		{77ECCDB7-D8A6-45BB-6BA6-1F679ED2BAC5}.Debug|Any CPU.ActiveCfg = Debug|Any CPU
		{77ECCDB7-D8A6-45BB-6BA6-1F679ED2BAC5}.Debug|Any CPU.Build.0 = Debug|Any CPU
		{77ECCDB7-D8A6-45BB-6BA6-1F679ED2BAC5}.Release|Any CPU.ActiveCfg = Release|Any CPU
		{77ECCDB7-D8A6-45BB-6BA6-1F679ED2BAC5}.Release|Any CPU.Build.0 = Release|Any CPU
	EndGlobalSection
	GlobalSection(SolutionProperties) = preSolution
		HideSolutionNode = FALSE
	EndGlobalSection
	GlobalSection(ExtensibilityGlobals) = postSolution
		SolutionGuid = {B23C3D67-343D-466E-9610-35A95E6C66A3}
	EndGlobalSection
EndGlobal
