Microsoft Visual Studio Solution File, Format Version 12.00
# Visual Studio Version 17
VisualStudioVersion = 17.5.2.0
MinimumVisualStudioVersion = 10.0.40219.1
Project("{FAE04EC0-301F-11D3-BF4B-00C04F79EFBC}") = "Task_02_06", "Task_02_06.csproj", "{7954D7AD-97F3-3307-DD5D-B578246971CC}"
EndProject
Global
	GlobalSection(SolutionConfigurationPlatforms) = preSolution
		Debug|Any CPU = Debug|Any CPU
		Release|Any CPU = Release|Any CPU
	EndGlobalSection
	GlobalSection(ProjectConfigurationPlatforms) = postSolution
		{7954D7AD-97F3-3307-DD5D-B578246971CC}.Debug|Any CPU.ActiveCfg = Debug|Any CPU
		{7954D7AD-97F3-3307-DD5D-B578246971CC}.Debug|Any CPU.Build.0 = Debug|Any CPU
		{7954D7AD-97F3-3307-DD5D-B578246971CC}.Release|Any CPU.ActiveCfg = Release|Any CPU
		{7954D7AD-97F3-3307-DD5D-B578246971CC}.Release|Any CPU.Build.0 = Release|Any CPU
	EndGlobalSection
	GlobalSection(SolutionProperties) = preSolution
		HideSolutionNode = FALSE
	EndGlobalSection
	GlobalSection(ExtensibilityGlobals) = postSolution
		SolutionGuid = {E1D87765-271C-4659-8A06-0A99ECFF99FB}
	EndGlobalSection
EndGlobal
